
Microsoft Visual Studio Solution File, Format Version 12.00
# Visual Studio Version 17
VisualStudioVersion = 17.2.32630.192
MinimumVisualStudioVersion = 10.0.40219.1
Project("{9A19103F-16F7-4668-BE54-9A1E7A4F7556}") = "Reisplanningssysteem_WPF", "Reisplanningssysteem_WPF\Reisplanningssysteem_WPF.csproj", "{46FEE480-6CFF-478C-B50A-B0B4CDFF97A4}"
EndProject
Project("{9A19103F-16F7-4668-BE54-9A1E7A4F7556}") = "Reisplanningssysteem_Models", "Reisplanningssysteem_Models\Reisplanningssysteem_Models.csproj", "{4E01D03D-A892-4F8E-BEA4-84517A517467}"
EndProject
Project("{9A19103F-16F7-4668-BE54-9A1E7A4F7556}") = "Reisplanningssysteem_DAL", "Reisplanningssysteem_DAL\Reisplanningssysteem_DAL.csproj", "{EB1D7A82-8E86-40D4-93DA-A384ED62F2BB}"
EndProject
Global
	GlobalSection(SolutionConfigurationPlatforms) = preSolution
		Debug|Any CPU = Debug|Any CPU
		Release|Any CPU = Release|Any CPU
	EndGlobalSection
	GlobalSection(ProjectConfigurationPlatforms) = postSolution
		{46FEE480-6CFF-478C-B50A-B0B4CDFF97A4}.Debug|Any CPU.ActiveCfg = Debug|Any CPU
		{46FEE480-6CFF-478C-B50A-B0B4CDFF97A4}.Debug|Any CPU.Build.0 = Debug|Any CPU
		{46FEE480-6CFF-478C-B50A-B0B4CDFF97A4}.Release|Any CPU.ActiveCfg = Release|Any CPU
		{46FEE480-6CFF-478C-B50A-B0B4CDFF97A4}.Release|Any CPU.Build.0 = Release|Any CPU
		{4E01D03D-A892-4F8E-BEA4-84517A517467}.Debug|Any CPU.ActiveCfg = Debug|Any CPU
		{4E01D03D-A892-4F8E-BEA4-84517A517467}.Debug|Any CPU.Build.0 = Debug|Any CPU
		{4E01D03D-A892-4F8E-BEA4-84517A517467}.Release|Any CPU.ActiveCfg = Release|Any CPU
		{4E01D03D-A892-4F8E-BEA4-84517A517467}.Release|Any CPU.Build.0 = Release|Any CPU
		{EB1D7A82-8E86-40D4-93DA-A384ED62F2BB}.Debug|Any CPU.ActiveCfg = Debug|Any CPU
		{EB1D7A82-8E86-40D4-93DA-A384ED62F2BB}.Debug|Any CPU.Build.0 = Debug|Any CPU
		{EB1D7A82-8E86-40D4-93DA-A384ED62F2BB}.Release|Any CPU.ActiveCfg = Release|Any CPU
		{EB1D7A82-8E86-40D4-93DA-A384ED62F2BB}.Release|Any CPU.Build.0 = Release|Any CPU
	EndGlobalSection
	GlobalSection(SolutionProperties) = preSolution
		HideSolutionNode = FALSE
	EndGlobalSection
	GlobalSection(ExtensibilityGlobals) = postSolution
		SolutionGuid = {BE19F39E-B433-4103-82D0-AF50EB8B8D77}
	EndGlobalSection
EndGlobal
